// !$*UTF8*$!
{
	archiveVersion = 1;
	classes = {
	};
	objectVersion = 50;
	objects = {

/* Begin PBXBuildFile section */
		0F20BFD924DD384800200BF0 /* AppDelegate.swift in Sources */ = {isa = PBXBuildFile; fileRef = 0F20BFD824DD384800200BF0 /* AppDelegate.swift */; };
		0F20BFDB24DD384800200BF0 /* SceneDelegate.swift in Sources */ = {isa = PBXBuildFile; fileRef = 0F20BFDA24DD384800200BF0 /* SceneDelegate.swift */; };
		0F20BFDD24DD384800200BF0 /* ViewController.swift in Sources */ = {isa = PBXBuildFile; fileRef = 0F20BFDC24DD384800200BF0 /* ViewController.swift */; };
		0F20BFE024DD384800200BF0 /* Main.storyboard in Resources */ = {isa = PBXBuildFile; fileRef = 0F20BFDE24DD384800200BF0 /* Main.storyboard */; };
		0F20BFE224DD384C00200BF0 /* Assets.xcassets in Resources */ = {isa = PBXBuildFile; fileRef = 0F20BFE124DD384C00200BF0 /* Assets.xcassets */; };
		0F20BFE524DD384C00200BF0 /* LaunchScreen.storyboard in Resources */ = {isa = PBXBuildFile; fileRef = 0F20BFE324DD384C00200BF0 /* LaunchScreen.storyboard */; };
		0F20BFF024DD384C00200BF0 /* GitExampleTests.swift in Sources */ = {isa = PBXBuildFile; fileRef = 0F20BFEF24DD384C00200BF0 /* GitExampleTests.swift */; };
		0F20BFFB24DD384C00200BF0 /* GitExampleUITests.swift in Sources */ = {isa = PBXBuildFile; fileRef = 0F20BFFA24DD384C00200BF0 /* GitExampleUITests.swift */; };
/* End PBXBuildFile section */

/* Begin PBXContainerItemProxy section */
		0F20BFEC24DD384C00200BF0 /* PBXContainerItemProxy */ = {
			isa = PBXContainerItemProxy;
			containerPortal = 0F20BFCD24DD384800200BF0 /* Project object */;
			proxyType = 1;
			remoteGlobalIDString = 0F20BFD424DD384800200BF0;
			remoteInfo = GitExample;
		};
		0F20BFF724DD384C00200BF0 /* PBXContainerItemProxy */ = {
			isa = PBXContainerItemProxy;
			containerPortal = 0F20BFCD24DD384800200BF0 /* Project object */;
			proxyType = 1;
			remoteGlobalIDString = 0F20BFD424DD384800200BF0;
			remoteInfo = GitExample;
		};
/* End PBXContainerItemProxy section */

/* Begin PBXFileReference section */
		0F20BFD524DD384800200BF0 /* GitExample.app */ = {isa = PBXFileReference; explicitFileType = wrapper.application; includeInIndex = 0; path = GitExample.app; sourceTree = BUILT_PRODUCTS_DIR; };
		0F20BFD824DD384800200BF0 /* AppDelegate.swift */ = {isa = PBXFileReference; lastKnownFileType = sourcecode.swift; path = AppDelegate.swift; sourceTree = "<group>"; };
		0F20BFDA24DD384800200BF0 /* SceneDelegate.swift */ = {isa = PBXFileReference; lastKnownFileType = sourcecode.swift; path = SceneDelegate.swift; sourceTree = "<group>"; };
		0F20BFDC24DD384800200BF0 /* ViewController.swift */ = {isa = PBXFileReference; lastKnownFileType = sourcecode.swift; path = ViewController.swift; sourceTree = "<group>"; };
		0F20BFDF24DD384800200BF0 /* Base */ = {isa = PBXFileReference; lastKnownFileType = file.storyboard; name = Base; path = Base.lproj/Main.storyboard; sourceTree = "<group>"; };
		0F20BFE124DD384C00200BF0 /* Assets.xcassets */ = {isa = PBXFileReference; lastKnownFileType = folder.assetcatalog; path = Assets.xcassets; sourceTree = "<group>"; };
		0F20BFE424DD384C00200BF0 /* Base */ = {isa = PBXFileReference; lastKnownFileType = file.storyboard; name = Base; path = Base.lproj/LaunchScreen.storyboard; sourceTree = "<group>"; };
		0F20BFE624DD384C00200BF0 /* Info.plist */ = {isa = PBXFileReference; lastKnownFileType = text.plist.xml; path = Info.plist; sourceTree = "<group>"; };
		0F20BFEB24DD384C00200BF0 /* GitExampleTests.xctest */ = {isa = PBXFileReference; explicitFileType = wrapper.cfbundle; includeInIndex = 0; path = GitExampleTests.xctest; sourceTree = BUILT_PRODUCTS_DIR; };
		0F20BFEF24DD384C00200BF0 /* GitExampleTests.swift */ = {isa = PBXFileReference; lastKnownFileType = sourcecode.swift; path = GitExampleTests.swift; sourceTree = "<group>"; };
		0F20BFF124DD384C00200BF0 /* Info.plist */ = {isa = PBXFileReference; lastKnownFileType = text.plist.xml; path = Info.plist; sourceTree = "<group>"; };
		0F20BFF624DD384C00200BF0 /* GitExampleUITests.xctest */ = {isa = PBXFileReference; explicitFileType = wrapper.cfbundle; includeInIndex = 0; path = GitExampleUITests.xctest; sourceTree = BUILT_PRODUCTS_DIR; };
		0F20BFFA24DD384C00200BF0 /* GitExampleUITests.swift */ = {isa = PBXFileReference; lastKnownFileType = sourcecode.swift; path = GitExampleUITests.swift; sourceTree = "<group>"; };
		0F20BFFC24DD384C00200BF0 /* Info.plist */ = {isa = PBXFileReference; lastKnownFileType = text.plist.xml; path = Info.plist; sourceTree = "<group>"; };
/* End PBXFileReference section */

/* Begin PBXFrameworksBuildPhase section */
		0F20BFD224DD384800200BF0 /* Frameworks */ = {
			isa = PBXFrameworksBuildPhase;
			buildActionMask = 2147483647;
			files = (
			);
			runOnlyForDeploymentPostprocessing = 0;
		};
		0F20BFE824DD384C00200BF0 /* Frameworks */ = {
			isa = PBXFrameworksBuildPhase;
			buildActionMask = 2147483647;
			files = (
			);
			runOnlyForDeploymentPostprocessing = 0;
		};
		0F20BFF324DD384C00200BF0 /* Frameworks */ = {
			isa = PBXFrameworksBuildPhase;
			buildActionMask = 2147483647;
			files = (
			);
			runOnlyForDeploymentPostprocessing = 0;
		};
/* End PBXFrameworksBuildPhase section */

/* Begin PBXGroup section */
		0F20BFCC24DD384800200BF0 = {
			isa = PBXGroup;
			children = (
				0F20BFD724DD384800200BF0 /* GitExample */,
				0F20BFEE24DD384C00200BF0 /* GitExampleTests */,
				0F20BFF924DD384C00200BF0 /* GitExampleUITests */,
				0F20BFD624DD384800200BF0 /* Products */,
			);
			sourceTree = "<group>";
		};
		0F20BFD624DD384800200BF0 /* Products */ = {
			isa = PBXGroup;
			children = (
				0F20BFD524DD384800200BF0 /* GitExample.app */,
				0F20BFEB24DD384C00200BF0 /* GitExampleTests.xctest */,
				0F20BFF624DD384C00200BF0 /* GitExampleUITests.xctest */,
			);
			name = Products;
			sourceTree = "<group>";
		};
		0F20BFD724DD384800200BF0 /* GitExample */ = {
			isa = PBXGroup;
			children = (
				0F20BFD824DD384800200BF0 /* AppDelegate.swift */,
				0F20BFDA24DD384800200BF0 /* SceneDelegate.swift */,
				0F20BFDC24DD384800200BF0 /* ViewController.swift */,
				0F20BFDE24DD384800200BF0 /* Main.storyboard */,
				0F20BFE124DD384C00200BF0 /* Assets.xcassets */,
				0F20BFE324DD384C00200BF0 /* LaunchScreen.storyboard */,
				0F20BFE624DD384C00200BF0 /* Info.plist */,
			);
			path = GitExample;
			sourceTree = "<group>";
		};
		0F20BFEE24DD384C00200BF0 /* GitExampleTests */ = {
			isa = PBXGroup;
			children = (
				0F20BFEF24DD384C00200BF0 /* GitExampleTests.swift */,
				0F20BFF124DD384C00200BF0 /* Info.plist */,
			);
			path = GitExampleTests;
			sourceTree = "<group>";
		};
		0F20BFF924DD384C00200BF0 /* GitExampleUITests */ = {
			isa = PBXGroup;
			children = (
				0F20BFFA24DD384C00200BF0 /* GitExampleUITests.swift */,
				0F20BFFC24DD384C00200BF0 /* Info.plist */,
			);
			path = GitExampleUITests;
			sourceTree = "<group>";
		};
/* End PBXGroup section */

/* Begin PBXNativeTarget section */
		0F20BFD424DD384800200BF0 /* GitExample */ = {
			isa = PBXNativeTarget;
			buildConfigurationList = 0F20BFFF24DD384C00200BF0 /* Build configuration list for PBXNativeTarget "GitExample" */;
			buildPhases = (
				0F20BFD124DD384800200BF0 /* Sources */,
				0F20BFD224DD384800200BF0 /* Frameworks */,
				0F20BFD324DD384800200BF0 /* Resources */,
			);
			buildRules = (
			);
			dependencies = (
			);
			name = GitExample;
			productName = GitExample;
			productReference = 0F20BFD524DD384800200BF0 /* GitExample.app */;
			productType = "com.apple.product-type.application";
		};
		0F20BFEA24DD384C00200BF0 /* GitExampleTests */ = {
			isa = PBXNativeTarget;
			buildConfigurationList = 0F20C00224DD384C00200BF0 /* Build configuration list for PBXNativeTarget "GitExampleTests" */;
			buildPhases = (
				0F20BFE724DD384C00200BF0 /* Sources */,
				0F20BFE824DD384C00200BF0 /* Frameworks */,
				0F20BFE924DD384C00200BF0 /* Resources */,
			);
			buildRules = (
			);
			dependencies = (
				0F20BFED24DD384C00200BF0 /* PBXTargetDependency */,
			);
			name = GitExampleTests;
			productName = GitExampleTests;
			productReference = 0F20BFEB24DD384C00200BF0 /* GitExampleTests.xctest */;
			productType = "com.apple.product-type.bundle.unit-test";
		};
		0F20BFF524DD384C00200BF0 /* GitExampleUITests */ = {
			isa = PBXNativeTarget;
			buildConfigurationList = 0F20C00524DD384C00200BF0 /* Build configuration list for PBXNativeTarget "GitExampleUITests" */;
			buildPhases = (
				0F20BFF224DD384C00200BF0 /* Sources */,
				0F20BFF324DD384C00200BF0 /* Frameworks */,
				0F20BFF424DD384C00200BF0 /* Resources */,
			);
			buildRules = (
			);
			dependencies = (
				0F20BFF824DD384C00200BF0 /* PBXTargetDependency */,
			);
			name = GitExampleUITests;
			productName = GitExampleUITests;
			productReference = 0F20BFF624DD384C00200BF0 /* GitExampleUITests.xctest */;
			productType = "com.apple.product-type.bundle.ui-testing";
		};
/* End PBXNativeTarget section */

/* Begin PBXProject section */
		0F20BFCD24DD384800200BF0 /* Project object */ = {
			isa = PBXProject;
			attributes = {
				LastSwiftUpdateCheck = 1160;
				LastUpgradeCheck = 1160;
				ORGANIZATIONNAME = "Hoang Tuan Anh";
				TargetAttributes = {
					0F20BFD424DD384800200BF0 = {
						CreatedOnToolsVersion = 11.6;
					};
					0F20BFEA24DD384C00200BF0 = {
						CreatedOnToolsVersion = 11.6;
						TestTargetID = 0F20BFD424DD384800200BF0;
					};
					0F20BFF524DD384C00200BF0 = {
						CreatedOnToolsVersion = 11.6;
						TestTargetID = 0F20BFD424DD384800200BF0;
					};
				};
			};
			buildConfigurationList = 0F20BFD024DD384800200BF0 /* Build configuration list for PBXProject "GitExample" */;
			compatibilityVersion = "Xcode 9.3";
			developmentRegion = en;
			hasScannedForEncodings = 0;
			knownRegions = (
				en,
				Base,
			);
			mainGroup = 0F20BFCC24DD384800200BF0;
			productRefGroup = 0F20BFD624DD384800200BF0 /* Products */;
			projectDirPath = "";
			projectRoot = "";
			targets = (
				0F20BFD424DD384800200BF0 /* GitExample */,
				0F20BFEA24DD384C00200BF0 /* GitExampleTests */,
				0F20BFF524DD384C00200BF0 /* GitExampleUITests */,
			);
		};
/* End PBXProject section */

/* Begin PBXResourcesBuildPhase section */
		0F20BFD324DD384800200BF0 /* Resources */ = {
			isa = PBXResourcesBuildPhase;
			buildActionMask = 2147483647;
			files = (
				0F20BFE524DD384C00200BF0 /* LaunchScreen.storyboard in Resources */,
				0F20BFE224DD384C00200BF0 /* Assets.xcassets in Resources */,
				0F20BFE024DD384800200BF0 /* Main.storyboard in Resources */,
			);
			runOnlyForDeploymentPostprocessing = 0;
		};
		0F20BFE924DD384C00200BF0 /* Resources */ = {
			isa = PBXResourcesBuildPhase;
			buildActionMask = 2147483647;
			files = (
			);
			runOnlyForDeploymentPostprocessing = 0;
		};
		0F20BFF424DD384C00200BF0 /* Resources */ = {
			isa = PBXResourcesBuildPhase;
			buildActionMask = 2147483647;
			files = (
			);
			runOnlyForDeploymentPostprocessing = 0;
		};
/* End PBXResourcesBuildPhase section */

/* Begin PBXSourcesBuildPhase section */
		0F20BFD124DD384800200BF0 /* Sources */ = {
			isa = PBXSourcesBuildPhase;
			buildActionMask = 2147483647;
			files = (
				0F20BFDD24DD384800200BF0 /* ViewController.swift in Sources */,
				0F20BFD924DD384800200BF0 /* AppDelegate.swift in Sources */,
				0F20BFDB24DD384800200BF0 /* SceneDelegate.swift in Sources */,
			);
			runOnlyForDeploymentPostprocessing = 0;
		};
		0F20BFE724DD384C00200BF0 /* Sources */ = {
			isa = PBXSourcesBuildPhase;
			buildActionMask = 2147483647;
			files = (
				0F20BFF024DD384C00200BF0 /* GitExampleTests.swift in Sources */,
			);
			runOnlyForDeploymentPostprocessing = 0;
		};
		0F20BFF224DD384C00200BF0 /* Sources */ = {
			isa = PBXSourcesBuildPhase;
			buildActionMask = 2147483647;
			files = (
				0F20BFFB24DD384C00200BF0 /* GitExampleUITests.swift in Sources */,
			);
			runOnlyForDeploymentPostprocessing = 0;
		};
/* End PBXSourcesBuildPhase section */

/* Begin PBXTargetDependency section */
		0F20BFED24DD384C00200BF0 /* PBXTargetDependency */ = {
			isa = PBXTargetDependency;
			target = 0F20BFD424DD384800200BF0 /* GitExample */;
			targetProxy = 0F20BFEC24DD384C00200BF0 /* PBXContainerItemProxy */;
		};
		0F20BFF824DD384C00200BF0 /* PBXTargetDependency */ = {
			isa = PBXTargetDependency;
			target = 0F20BFD424DD384800200BF0 /* GitExample */;
			targetProxy = 0F20BFF724DD384C00200BF0 /* PBXContainerItemProxy */;
		};
/* End PBXTargetDependency section */

/* Begin PBXVariantGroup section */
		0F20BFDE24DD384800200BF0 /* Main.storyboard */ = {
			isa = PBXVariantGroup;
			children = (
				0F20BFDF24DD384800200BF0 /* Base */,
			);
			name = Main.storyboard;
			sourceTree = "<group>";
		};
		0F20BFE324DD384C00200BF0 /* LaunchScreen.storyboard */ = {
			isa = PBXVariantGroup;
			children = (
				0F20BFE424DD384C00200BF0 /* Base */,
			);
			name = LaunchScreen.storyboard;
			sourceTree = "<group>";
		};
/* End PBXVariantGroup section */

/* Begin XCBuildConfiguration section */
		0F20BFFD24DD384C00200BF0 /* Debug */ = {
			isa = XCBuildConfiguration;
			buildSettings = {
				ALWAYS_SEARCH_USER_PATHS = NO;
				CLANG_ANALYZER_NONNULL = YES;
				CLANG_ANALYZER_NUMBER_OBJECT_CONVERSION = YES_AGGRESSIVE;
				CLANG_CXX_LANGUAGE_STANDARD = "gnu++14";
				CLANG_CXX_LIBRARY = "libc++";
				CLANG_ENABLE_MODULES = YES;
				CLANG_ENABLE_OBJC_ARC = YES;
				CLANG_ENABLE_OBJC_WEAK = YES;
				CLANG_WARN_BLOCK_CAPTURE_AUTORELEASING = YES;
				CLANG_WARN_BOOL_CONVERSION = YES;
				CLANG_WARN_COMMA = YES;
				CLANG_WARN_CONSTANT_CONVERSION = YES;
				CLANG_WARN_DEPRECATED_OBJC_IMPLEMENTATIONS = YES;
				CLANG_WARN_DIRECT_OBJC_ISA_USAGE = YES_ERROR;
				CLANG_WARN_DOCUMENTATION_COMMENTS = YES;
				CLANG_WARN_EMPTY_BODY = YES;
				CLANG_WARN_ENUM_CONVERSION = YES;
				CLANG_WARN_INFINITE_RECURSION = YES;
				CLANG_WARN_INT_CONVERSION = YES;
				CLANG_WARN_NON_LITERAL_NULL_CONVERSION = YES;
				CLANG_WARN_OBJC_IMPLICIT_RETAIN_SELF = YES;
				CLANG_WARN_OBJC_LITERAL_CONVERSION = YES;
				CLANG_WARN_OBJC_ROOT_CLASS = YES_ERROR;
				CLANG_WARN_RANGE_LOOP_ANALYSIS = YES;
				CLANG_WARN_STRICT_PROTOTYPES = YES;
				CLANG_WARN_SUSPICIOUS_MOVE = YES;
				CLANG_WARN_UNGUARDED_AVAILABILITY = YES_AGGRESSIVE;
				CLANG_WARN_UNREACHABLE_CODE = YES;
				CLANG_WARN__DUPLICATE_METHOD_MATCH = YES;
				COPY_PHASE_STRIP = NO;
				DEBUG_INFORMATION_FORMAT = dwarf;
				ENABLE_STRICT_OBJC_MSGSEND = YES;
				ENABLE_TESTABILITY = YES;
				GCC_C_LANGUAGE_STANDARD = gnu11;
				GCC_DYNAMIC_NO_PIC = NO;
				GCC_NO_COMMON_BLOCKS = YES;
				GCC_OPTIMIZATION_LEVEL = 0;
				GCC_PREPROCESSOR_DEFINITIONS = (
					"DEBUG=1",
					"$(inherited)",
				);
				GCC_WARN_64_TO_32_BIT_CONVERSION = YES;
				GCC_WARN_ABOUT_RETURN_TYPE = YES_ERROR;
				GCC_WARN_UNDECLARED_SELECTOR = YES;
				GCC_WARN_UNINITIALIZED_AUTOS = YES_AGGRESSIVE;
				GCC_WARN_UNUSED_FUNCTION = YES;
				GCC_WARN_UNUSED_VARIABLE = YES;
				IPHONEOS_DEPLOYMENT_TARGET = 13.6;
				MTL_ENABLE_DEBUG_INFO = INCLUDE_SOURCE;
				MTL_FAST_MATH = YES;
				ONLY_ACTIVE_ARCH = YES;
				SDKROOT = iphoneos;
				SWIFT_ACTIVE_COMPILATION_CONDITIONS = DEBUG;
				SWIFT_OPTIMIZATION_LEVEL = "-Onone";
			};
			name = Debug;
		};
		0F20BFFE24DD384C00200BF0 /* Release */ = {
			isa = XCBuildConfiguration;
			buildSettings = {
				ALWAYS_SEARCH_USER_PATHS = NO;
				CLANG_ANALYZER_NONNULL = YES;
				CLANG_ANALYZER_NUMBER_OBJECT_CONVERSION = YES_AGGRESSIVE;
				CLANG_CXX_LANGUAGE_STANDARD = "gnu++14";
				CLANG_CXX_LIBRARY = "libc++";
				CLANG_ENABLE_MODULES = YES;
				CLANG_ENABLE_OBJC_ARC = YES;
				CLANG_ENABLE_OBJC_WEAK = YES;
				CLANG_WARN_BLOCK_CAPTURE_AUTORELEASING = YES;
				CLANG_WARN_BOOL_CONVERSION = YES;
				CLANG_WARN_COMMA = YES;
				CLANG_WARN_CONSTANT_CONVERSION = YES;
				CLANG_WARN_DEPRECATED_OBJC_IMPLEMENTATIONS = YES;
				CLANG_WARN_DIRECT_OBJC_ISA_USAGE = YES_ERROR;
				CLANG_WARN_DOCUMENTATION_COMMENTS = YES;
				CLANG_WARN_EMPTY_BODY = YES;
				CLANG_WARN_ENUM_CONVERSION = YES;
				CLANG_WARN_INFINITE_RECURSION = YES;
				CLANG_WARN_INT_CONVERSION = YES;
				CLANG_WARN_NON_LITERAL_NULL_CONVERSION = YES;
				CLANG_WARN_OBJC_IMPLICIT_RETAIN_SELF = YES;
				CLANG_WARN_OBJC_LITERAL_CONVERSION = YES;
				CLANG_WARN_OBJC_ROOT_CLASS = YES_ERROR;
				CLANG_WARN_RANGE_LOOP_ANALYSIS = YES;
				CLANG_WARN_STRICT_PROTOTYPES = YES;
				CLANG_WARN_SUSPICIOUS_MOVE = YES;
				CLANG_WARN_UNGUARDED_AVAILABILITY = YES_AGGRESSIVE;
				CLANG_WARN_UNREACHABLE_CODE = YES;
				CLANG_WARN__DUPLICATE_METHOD_MATCH = YES;
				COPY_PHASE_STRIP = NO;
				DEBUG_INFORMATION_FORMAT = "dwarf-with-dsym";
				ENABLE_NS_ASSERTIONS = NO;
				ENABLE_STRICT_OBJC_MSGSEND = YES;
				GCC_C_LANGUAGE_STANDARD = gnu11;
				GCC_NO_COMMON_BLOCKS = YES;
				GCC_WARN_64_TO_32_BIT_CONVERSION = YES;
				GCC_WARN_ABOUT_RETURN_TYPE = YES_ERROR;
				GCC_WARN_UNDECLARED_SELECTOR = YES;
				GCC_WARN_UNINITIALIZED_AUTOS = YES_AGGRESSIVE;
				GCC_WARN_UNUSED_FUNCTION = YES;
				GCC_WARN_UNUSED_VARIABLE = YES;
				IPHONEOS_DEPLOYMENT_TARGET = 13.6;
				MTL_ENABLE_DEBUG_INFO = NO;
				MTL_FAST_MATH = YES;
				SDKROOT = iphoneos;
				SWIFT_COMPILATION_MODE = wholemodule;
				SWIFT_OPTIMIZATION_LEVEL = "-O";
				VALIDATE_PRODUCT = YES;
			};
			name = Release;
		};
		0F20C00024DD384C00200BF0 /* Debug */ = {
			isa = XCBuildConfiguration;
			buildSettings = {
				ASSETCATALOG_COMPILER_APPICON_NAME = AppIcon;
				CODE_SIGN_STYLE = Automatic;
				INFOPLIST_FILE = GitExample/Info.plist;
				LD_RUNPATH_SEARCH_PATHS = (
					"$(inherited)",
					"@executable_path/Frameworks",
				);
				PRODUCT_BUNDLE_IDENTIFIER = com.tuananhit91.GitExample;
				PRODUCT_NAME = "$(TARGET_NAME)";
				SWIFT_VERSION = 5.0;
				TARGETED_DEVICE_FAMILY = "1,2";
			};
			name = Debug;
		};
		0F20C00124DD384C00200BF0 /* Release */ = {
			isa = XCBuildConfiguration;
			buildSettings = {
				ASSETCATALOG_COMPILER_APPICON_NAME = AppIcon;
				CODE_SIGN_STYLE = Automatic;
				INFOPLIST_FILE = GitExample/Info.plist;
				LD_RUNPATH_SEARCH_PATHS = (
					"$(inherited)",
					"@executable_path/Frameworks",
				);
				PRODUCT_BUNDLE_IDENTIFIER = com.tuananhit91.GitExample;
				PRODUCT_NAME = "$(TARGET_NAME)";
				SWIFT_VERSION = 5.0;
				TARGETED_DEVICE_FAMILY = "1,2";
			};
			name = Release;
		};
		0F20C00324DD384C00200BF0 /* Debug */ = {
			isa = XCBuildConfiguration;
			buildSettings = {
				ALWAYS_EMBED_SWIFT_STANDARD_LIBRARIES = YES;
				BUNDLE_LOADER = "$(TEST_HOST)";
				CODE_SIGN_STYLE = Automatic;
				INFOPLIST_FILE = GitExampleTests/Info.plist;
				IPHONEOS_DEPLOYMENT_TARGET = 13.6;
				LD_RUNPATH_SEARCH_PATHS = (
					"$(inherited)",
					"@executable_path/Frameworks",
					"@loader_path/Frameworks",
				);
				PRODUCT_BUNDLE_IDENTIFIER = com.tuananhit91.GitExampleTests;
				PRODUCT_NAME = "$(TARGET_NAME)";
				SWIFT_VERSION = 5.0;
				TARGETED_DEVICE_FAMILY = "1,2";
				TEST_HOST = "$(BUILT_PRODUCTS_DIR)/GitExample.app/GitExample";
			};
			name = Debug;
		};
		0F20C00424DD384C00200BF0 /* Release */ = {
			isa = XCBuildConfiguration;
			buildSettings = {
				ALWAYS_EMBED_SWIFT_STANDARD_LIBRARIES = YES;
				BUNDLE_LOADER = "$(TEST_HOST)";
				CODE_SIGN_STYLE = Automatic;
				INFOPLIST_FILE = GitExampleTests/Info.plist;
				IPHONEOS_DEPLOYMENT_TARGET = 13.6;
				LD_RUNPATH_SEARCH_PATHS = (
					"$(inherited)",
					"@executable_path/Frameworks",
					"@loader_path/Frameworks",
				);
				PRODUCT_BUNDLE_IDENTIFIER = com.tuananhit91.GitExampleTests;
				PRODUCT_NAME = "$(TARGET_NAME)";
				SWIFT_VERSION = 5.0;
				TARGETED_DEVICE_FAMILY = "1,2";
				TEST_HOST = "$(BUILT_PRODUCTS_DIR)/GitExample.app/GitExample";
			};
			name = Release;
		};
		0F20C00624DD384C00200BF0 /* Debug */ = {
			isa = XCBuildConfiguration;
			buildSettings = {
				ALWAYS_EMBED_SWIFT_STANDARD_LIBRARIES = YES;
				CODE_SIGN_STYLE = Automatic;
				INFOPLIST_FILE = GitExampleUITests/Info.plist;
				LD_RUNPATH_SEARCH_PATHS = (
					"$(inherited)",
					"@executable_path/Frameworks",
					"@loader_path/Frameworks",
				);
				PRODUCT_BUNDLE_IDENTIFIER = com.tuananhit91.GitExampleUITests;
				PRODUCT_NAME = "$(TARGET_NAME)";
				SWIFT_VERSION = 5.0;
				TARGETED_DEVICE_FAMILY = "1,2";
				TEST_TARGET_NAME = GitExample;
			};
			name = Debug;
		};
		0F20C00724DD384C00200BF0 /* Release */ = {
			isa = XCBuildConfiguration;
			buildSettings = {
				ALWAYS_EMBED_SWIFT_STANDARD_LIBRARIES = YES;
				CODE_SIGN_STYLE = Automatic;
				INFOPLIST_FILE = GitExampleUITests/Info.plist;
				LD_RUNPATH_SEARCH_PATHS = (
					"$(inherited)",
					"@executable_path/Frameworks",
					"@loader_path/Frameworks",
				);
				PRODUCT_BUNDLE_IDENTIFIER = com.tuananhit91.GitExampleUITests;
				PRODUCT_NAME = "$(TARGET_NAME)";
				SWIFT_VERSION = 5.0;
				TARGETED_DEVICE_FAMILY = "1,2";
				TEST_TARGET_NAME = GitExample;
			};
			name = Release;
		};
/* End XCBuildConfiguration section */

/* Begin XCConfigurationList section */
		0F20BFD024DD384800200BF0 /* Build configuration list for PBXProject "GitExample" */ = {
			isa = XCConfigurationList;
			buildConfigurations = (
				0F20BFFD24DD384C00200BF0 /* Debug */,
				0F20BFFE24DD384C00200BF0 /* Release */,
			);
			defaultConfigurationIsVisible = 0;
			defaultConfigurationName = Release;
		};
		0F20BFFF24DD384C00200BF0 /* Build configuration list for PBXNativeTarget "GitExample" */ = {
			isa = XCConfigurationList;
			buildConfigurations = (
				0F20C00024DD384C00200BF0 /* Debug */,
				0F20C00124DD384C00200BF0 /* Release */,
			);
			defaultConfigurationIsVisible = 0;
			defaultConfigurationName = Release;
		};
		0F20C00224DD384C00200BF0 /* Build configuration list for PBXNativeTarget "GitExampleTests" */ = {
			isa = XCConfigurationList;
			buildConfigurations = (
				0F20C00324DD384C00200BF0 /* Debug */,
				0F20C00424DD384C00200BF0 /* Release */,
			);
			defaultConfigurationIsVisible = 0;
			defaultConfigurationName = Release;
		};
		0F20C00524DD384C00200BF0 /* Build configuration list for PBXNativeTarget "GitExampleUITests" */ = {
			isa = XCConfigurationList;
			buildConfigurations = (
				0F20C00624DD384C00200BF0 /* Debug */,
				0F20C00724DD384C00200BF0 /* Release */,
			);
			defaultConfigurationIsVisible = 0;
			defaultConfigurationName = Release;
		};
/* End XCConfigurationList section */
	};
	rootObject = 0F20BFCD24DD384800200BF0 /* Project object */;
}
